
Microsoft Visual Studio Solution File, Format Version 12.00
# Visual Studio Version 16
VisualStudioVersion = 16.0.31105.61
MinimumVisualStudioVersion = 10.0.40219.1
Project("{FAE04EC0-301F-11D3-BF4B-00C04F79EFBC}") = "ValetParking", "ValetParking.csproj", "{B907C913-DFA9-4B17-9504-90D180A3FDFC}"
EndProject
Global
	GlobalSection(SolutionConfigurationPlatforms) = preSolution
		Debug|Any CPU = Debug|Any CPU
		Release|Any CPU = Release|Any CPU
	EndGlobalSection
	GlobalSection(ProjectConfigurationPlatforms) = postSolution
		{B907C913-DFA9-4B17-9504-90D180A3FDFC}.Debug|Any CPU.ActiveCfg = Debug|Any CPU
		{B907C913-DFA9-4B17-9504-90D180A3FDFC}.Debug|Any CPU.Build.0 = Debug|Any CPU
		{B907C913-DFA9-4B17-9504-90D180A3FDFC}.Release|Any CPU.ActiveCfg = Release|Any CPU
		{B907C913-DFA9-4B17-9504-90D180A3FDFC}.Release|Any CPU.Build.0 = Release|Any CPU
	EndGlobalSection
	GlobalSection(SolutionProperties) = preSolution
		HideSolutionNode = FALSE
	EndGlobalSection
	GlobalSection(ExtensibilityGlobals) = postSolution
		SolutionGuid = {3119665A-0C7F-410D-8373-06C74D654793}
	EndGlobalSection
EndGlobal
